// !$*UTF8*$!
{
	archiveVersion = 1;
	classes = {
	};
	objectVersion = 55;
	objects = {

/* Begin PBXBuildFile section */
		08B70B8B28C5EF7E00B01202 /* AppDelegate.swift in Sources */ = {isa = PBXBuildFile; fileRef = 08B70B8A28C5EF7E00B01202 /* AppDelegate.swift */; };
		08B70B8D28C5EF7E00B01202 /* SceneDelegate.swift in Sources */ = {isa = PBXBuildFile; fileRef = 08B70B8C28C5EF7E00B01202 /* SceneDelegate.swift */; };
		08B70B9228C5EF7E00B01202 /* Main.storyboard in Resources */ = {isa = PBXBuildFile; fileRef = 08B70B9028C5EF7E00B01202 /* Main.storyboard */; };
		08B70B9428C5EF8000B01202 /* Assets.xcassets in Resources */ = {isa = PBXBuildFile; fileRef = 08B70B9328C5EF8000B01202 /* Assets.xcassets */; };
		08B70B9728C5EF8000B01202 /* LaunchScreen.storyboard in Resources */ = {isa = PBXBuildFile; fileRef = 08B70B9528C5EF8000B01202 /* LaunchScreen.storyboard */; };
		08B70BA628C5F0ED00B01202 /* MainTabController.swift in Sources */ = {isa = PBXBuildFile; fileRef = 08B70BA528C5F0ED00B01202 /* MainTabController.swift */; };
		08B70BA828C5F1B900B01202 /* FeedController.swift in Sources */ = {isa = PBXBuildFile; fileRef = 08B70BA728C5F1B900B01202 /* FeedController.swift */; };
		08B70BAA28C5F1FC00B01202 /* ExploreController.swift in Sources */ = {isa = PBXBuildFile; fileRef = 08B70BA928C5F1FC00B01202 /* ExploreController.swift */; };
		08B70BAC28C5F20C00B01202 /* NotificationsController.swift in Sources */ = {isa = PBXBuildFile; fileRef = 08B70BAB28C5F20C00B01202 /* NotificationsController.swift */; };
		08B70BAE28C5F22B00B01202 /* ConversationsController.swift in Sources */ = {isa = PBXBuildFile; fileRef = 08B70BAD28C5F22B00B01202 /* ConversationsController.swift */; };
/* End PBXBuildFile section */

/* Begin PBXFileReference section */
		08B70B8728C5EF7E00B01202 /* Dwitter.app */ = {isa = PBXFileReference; explicitFileType = wrapper.application; includeInIndex = 0; path = Dwitter.app; sourceTree = BUILT_PRODUCTS_DIR; };
		08B70B8A28C5EF7E00B01202 /* AppDelegate.swift */ = {isa = PBXFileReference; lastKnownFileType = sourcecode.swift; path = AppDelegate.swift; sourceTree = "<group>"; };
		08B70B8C28C5EF7E00B01202 /* SceneDelegate.swift */ = {isa = PBXFileReference; lastKnownFileType = sourcecode.swift; path = SceneDelegate.swift; sourceTree = "<group>"; };
		08B70B9128C5EF7E00B01202 /* Base */ = {isa = PBXFileReference; lastKnownFileType = file.storyboard; name = Base; path = Base.lproj/Main.storyboard; sourceTree = "<group>"; };
		08B70B9328C5EF8000B01202 /* Assets.xcassets */ = {isa = PBXFileReference; lastKnownFileType = folder.assetcatalog; path = Assets.xcassets; sourceTree = "<group>"; };
		08B70B9628C5EF8000B01202 /* Base */ = {isa = PBXFileReference; lastKnownFileType = file.storyboard; name = Base; path = Base.lproj/LaunchScreen.storyboard; sourceTree = "<group>"; };
		08B70B9828C5EF8000B01202 /* Info.plist */ = {isa = PBXFileReference; lastKnownFileType = text.plist.xml; path = Info.plist; sourceTree = "<group>"; };
		08B70BA528C5F0ED00B01202 /* MainTabController.swift */ = {isa = PBXFileReference; lastKnownFileType = sourcecode.swift; path = MainTabController.swift; sourceTree = "<group>"; };
		08B70BA728C5F1B900B01202 /* FeedController.swift */ = {isa = PBXFileReference; lastKnownFileType = sourcecode.swift; path = FeedController.swift; sourceTree = "<group>"; };
		08B70BA928C5F1FC00B01202 /* ExploreController.swift */ = {isa = PBXFileReference; lastKnownFileType = sourcecode.swift; path = ExploreController.swift; sourceTree = "<group>"; };
		08B70BAB28C5F20C00B01202 /* NotificationsController.swift */ = {isa = PBXFileReference; lastKnownFileType = sourcecode.swift; path = NotificationsController.swift; sourceTree = "<group>"; };
		08B70BAD28C5F22B00B01202 /* ConversationsController.swift */ = {isa = PBXFileReference; lastKnownFileType = sourcecode.swift; path = ConversationsController.swift; sourceTree = "<group>"; };
/* End PBXFileReference section */

/* Begin PBXFrameworksBuildPhase section */
		08B70B8428C5EF7E00B01202 /* Frameworks */ = {
			isa = PBXFrameworksBuildPhase;
			buildActionMask = 2147483647;
			files = (
			);
			runOnlyForDeploymentPostprocessing = 0;
		};
/* End PBXFrameworksBuildPhase section */

/* Begin PBXGroup section */
		08B70B7E28C5EF7E00B01202 = {
			isa = PBXGroup;
			children = (
				08B70B8928C5EF7E00B01202 /* Dwitter */,
				08B70B8828C5EF7E00B01202 /* Products */,
			);
			sourceTree = "<group>";
		};
		08B70B8828C5EF7E00B01202 /* Products */ = {
			isa = PBXGroup;
			children = (
				08B70B8728C5EF7E00B01202 /* Dwitter.app */,
			);
			name = Products;
			sourceTree = "<group>";
		};
		08B70B8928C5EF7E00B01202 /* Dwitter */ = {
			isa = PBXGroup;
			children = (
				08B70BA428C5F04F00B01202 /* Model */,
				08B70BA328C5F04D00B01202 /* View */,
				08B70BA228C5F03D00B01202 /* ViewModel */,
				08B70BA128C5F03900B01202 /* Controller */,
				08B70BA028C5F03700B01202 /* API */,
				08B70B9E28C5F02E00B01202 /* Utilities */,
				08B70B8A28C5EF7E00B01202 /* AppDelegate.swift */,
				08B70B8C28C5EF7E00B01202 /* SceneDelegate.swift */,
				08B70B9028C5EF7E00B01202 /* Main.storyboard */,
				08B70B9328C5EF8000B01202 /* Assets.xcassets */,
				08B70B9528C5EF8000B01202 /* LaunchScreen.storyboard */,
				08B70B9828C5EF8000B01202 /* Info.plist */,
			);
			path = Dwitter;
			sourceTree = "<group>";
		};
		08B70B9E28C5F02E00B01202 /* Utilities */ = {
			isa = PBXGroup;
			children = (
			);
			path = Utilities;
			sourceTree = "<group>";
		};
		08B70BA028C5F03700B01202 /* API */ = {
			isa = PBXGroup;
			children = (
			);
			path = API;
			sourceTree = "<group>";
		};
		08B70BA128C5F03900B01202 /* Controller */ = {
			isa = PBXGroup;
			children = (
				08B70BA528C5F0ED00B01202 /* MainTabController.swift */,
				08B70BA728C5F1B900B01202 /* FeedController.swift */,
				08B70BA928C5F1FC00B01202 /* ExploreController.swift */,
				08B70BAB28C5F20C00B01202 /* NotificationsController.swift */,
				08B70BAD28C5F22B00B01202 /* ConversationsController.swift */,
			);
			path = Controller;
			sourceTree = "<group>";
		};
		08B70BA228C5F03D00B01202 /* ViewModel */ = {
			isa = PBXGroup;
			children = (
			);
			path = ViewModel;
			sourceTree = "<group>";
		};
		08B70BA328C5F04D00B01202 /* View */ = {
			isa = PBXGroup;
			children = (
			);
			path = View;
			sourceTree = "<group>";
		};
		08B70BA428C5F04F00B01202 /* Model */ = {
			isa = PBXGroup;
			children = (
			);
			path = Model;
			sourceTree = "<group>";
		};
/* End PBXGroup section */

/* Begin PBXNativeTarget section */
		08B70B8628C5EF7E00B01202 /* Dwitter */ = {
			isa = PBXNativeTarget;
			buildConfigurationList = 08B70B9B28C5EF8000B01202 /* Build configuration list for PBXNativeTarget "Dwitter" */;
			buildPhases = (
				08B70B8328C5EF7E00B01202 /* Sources */,
				08B70B8428C5EF7E00B01202 /* Frameworks */,
				08B70B8528C5EF7E00B01202 /* Resources */,
			);
			buildRules = (
			);
			dependencies = (
			);
			name = Dwitter;
			productName = Dwitter;
			productReference = 08B70B8728C5EF7E00B01202 /* Dwitter.app */;
			productType = "com.apple.product-type.application";
		};
/* End PBXNativeTarget section */

/* Begin PBXProject section */
		08B70B7F28C5EF7E00B01202 /* Project object */ = {
			isa = PBXProject;
			attributes = {
				BuildIndependentTargetsInParallel = 1;
				LastSwiftUpdateCheck = 1340;
				LastUpgradeCheck = 1340;
				TargetAttributes = {
					08B70B8628C5EF7E00B01202 = {
						CreatedOnToolsVersion = 13.4.1;
					};
				};
			};
			buildConfigurationList = 08B70B8228C5EF7E00B01202 /* Build configuration list for PBXProject "Dwitter" */;
			compatibilityVersion = "Xcode 13.0";
			developmentRegion = en;
			hasScannedForEncodings = 0;
			knownRegions = (
				en,
				Base,
			);
			mainGroup = 08B70B7E28C5EF7E00B01202;
			productRefGroup = 08B70B8828C5EF7E00B01202 /* Products */;
			projectDirPath = "";
			projectRoot = "";
			targets = (
				08B70B8628C5EF7E00B01202 /* Dwitter */,
			);
		};
/* End PBXProject section */

/* Begin PBXResourcesBuildPhase section */
		08B70B8528C5EF7E00B01202 /* Resources */ = {
			isa = PBXResourcesBuildPhase;
			buildActionMask = 2147483647;
			files = (
				08B70B9728C5EF8000B01202 /* LaunchScreen.storyboard in Resources */,
				08B70B9428C5EF8000B01202 /* Assets.xcassets in Resources */,
				08B70B9228C5EF7E00B01202 /* Main.storyboard in Resources */,
			);
			runOnlyForDeploymentPostprocessing = 0;
		};
/* End PBXResourcesBuildPhase section */

/* Begin PBXSourcesBuildPhase section */
		08B70B8328C5EF7E00B01202 /* Sources */ = {
			isa = PBXSourcesBuildPhase;
			buildActionMask = 2147483647;
			files = (
				08B70BAC28C5F20C00B01202 /* NotificationsController.swift in Sources */,
				08B70BAE28C5F22B00B01202 /* ConversationsController.swift in Sources */,
				08B70B8B28C5EF7E00B01202 /* AppDelegate.swift in Sources */,
				08B70BAA28C5F1FC00B01202 /* ExploreController.swift in Sources */,
				08B70B8D28C5EF7E00B01202 /* SceneDelegate.swift in Sources */,
				08B70BA628C5F0ED00B01202 /* MainTabController.swift in Sources */,
				08B70BA828C5F1B900B01202 /* FeedController.swift in Sources */,
			);
			runOnlyForDeploymentPostprocessing = 0;
		};
/* End PBXSourcesBuildPhase section */

/* Begin PBXVariantGroup section */
		08B70B9028C5EF7E00B01202 /* Main.storyboard */ = {
			isa = PBXVariantGroup;
			children = (
				08B70B9128C5EF7E00B01202 /* Base */,
			);
			name = Main.storyboard;
			sourceTree = "<group>";
		};
		08B70B9528C5EF8000B01202 /* LaunchScreen.storyboard */ = {
			isa = PBXVariantGroup;
			children = (
				08B70B9628C5EF8000B01202 /* Base */,
			);
			name = LaunchScreen.storyboard;
			sourceTree = "<group>";
		};
/* End PBXVariantGroup section */

/* Begin XCBuildConfiguration section */
		08B70B9928C5EF8000B01202 /* Debug */ = {
			isa = XCBuildConfiguration;
			buildSettings = {
				ALWAYS_SEARCH_USER_PATHS = NO;
				CLANG_ANALYZER_NONNULL = YES;
				CLANG_ANALYZER_NUMBER_OBJECT_CONVERSION = YES_AGGRESSIVE;
				CLANG_CXX_LANGUAGE_STANDARD = "gnu++17";
				CLANG_ENABLE_MODULES = YES;
				CLANG_ENABLE_OBJC_ARC = YES;
				CLANG_ENABLE_OBJC_WEAK = YES;
				CLANG_WARN_BLOCK_CAPTURE_AUTORELEASING = YES;
				CLANG_WARN_BOOL_CONVERSION = YES;
				CLANG_WARN_COMMA = YES;
				CLANG_WARN_CONSTANT_CONVERSION = YES;
				CLANG_WARN_DEPRECATED_OBJC_IMPLEMENTATIONS = YES;
				CLANG_WARN_DIRECT_OBJC_ISA_USAGE = YES_ERROR;
				CLANG_WARN_DOCUMENTATION_COMMENTS = YES;
				CLANG_WARN_EMPTY_BODY = YES;
				CLANG_WARN_ENUM_CONVERSION = YES;
				CLANG_WARN_INFINITE_RECURSION = YES;
				CLANG_WARN_INT_CONVERSION = YES;
				CLANG_WARN_NON_LITERAL_NULL_CONVERSION = YES;
				CLANG_WARN_OBJC_IMPLICIT_RETAIN_SELF = YES;
				CLANG_WARN_OBJC_LITERAL_CONVERSION = YES;
				CLANG_WARN_OBJC_ROOT_CLASS = YES_ERROR;
				CLANG_WARN_QUOTED_INCLUDE_IN_FRAMEWORK_HEADER = YES;
				CLANG_WARN_RANGE_LOOP_ANALYSIS = YES;
				CLANG_WARN_STRICT_PROTOTYPES = YES;
				CLANG_WARN_SUSPICIOUS_MOVE = YES;
				CLANG_WARN_UNGUARDED_AVAILABILITY = YES_AGGRESSIVE;
				CLANG_WARN_UNREACHABLE_CODE = YES;
				CLANG_WARN__DUPLICATE_METHOD_MATCH = YES;
				COPY_PHASE_STRIP = NO;
				DEBUG_INFORMATION_FORMAT = dwarf;
				ENABLE_STRICT_OBJC_MSGSEND = YES;
				ENABLE_TESTABILITY = YES;
				GCC_C_LANGUAGE_STANDARD = gnu11;
				GCC_DYNAMIC_NO_PIC = NO;
				GCC_NO_COMMON_BLOCKS = YES;
				GCC_OPTIMIZATION_LEVEL = 0;
				GCC_PREPROCESSOR_DEFINITIONS = (
					"DEBUG=1",
					"$(inherited)",
				);
				GCC_WARN_64_TO_32_BIT_CONVERSION = YES;
				GCC_WARN_ABOUT_RETURN_TYPE = YES_ERROR;
				GCC_WARN_UNDECLARED_SELECTOR = YES;
				GCC_WARN_UNINITIALIZED_AUTOS = YES_AGGRESSIVE;
				GCC_WARN_UNUSED_FUNCTION = YES;
				GCC_WARN_UNUSED_VARIABLE = YES;
				IPHONEOS_DEPLOYMENT_TARGET = 15.5;
				MTL_ENABLE_DEBUG_INFO = INCLUDE_SOURCE;
				MTL_FAST_MATH = YES;
				ONLY_ACTIVE_ARCH = YES;
				SDKROOT = iphoneos;
				SWIFT_ACTIVE_COMPILATION_CONDITIONS = DEBUG;
				SWIFT_OPTIMIZATION_LEVEL = "-Onone";
			};
			name = Debug;
		};
		08B70B9A28C5EF8000B01202 /* Release */ = {
			isa = XCBuildConfiguration;
			buildSettings = {
				ALWAYS_SEARCH_USER_PATHS = NO;
				CLANG_ANALYZER_NONNULL = YES;
				CLANG_ANALYZER_NUMBER_OBJECT_CONVERSION = YES_AGGRESSIVE;
				CLANG_CXX_LANGUAGE_STANDARD = "gnu++17";
				CLANG_ENABLE_MODULES = YES;
				CLANG_ENABLE_OBJC_ARC = YES;
				CLANG_ENABLE_OBJC_WEAK = YES;
				CLANG_WARN_BLOCK_CAPTURE_AUTORELEASING = YES;
				CLANG_WARN_BOOL_CONVERSION = YES;
				CLANG_WARN_COMMA = YES;
				CLANG_WARN_CONSTANT_CONVERSION = YES;
				CLANG_WARN_DEPRECATED_OBJC_IMPLEMENTATIONS = YES;
				CLANG_WARN_DIRECT_OBJC_ISA_USAGE = YES_ERROR;
				CLANG_WARN_DOCUMENTATION_COMMENTS = YES;
				CLANG_WARN_EMPTY_BODY = YES;
				CLANG_WARN_ENUM_CONVERSION = YES;
				CLANG_WARN_INFINITE_RECURSION = YES;
				CLANG_WARN_INT_CONVERSION = YES;
				CLANG_WARN_NON_LITERAL_NULL_CONVERSION = YES;
				CLANG_WARN_OBJC_IMPLICIT_RETAIN_SELF = YES;
				CLANG_WARN_OBJC_LITERAL_CONVERSION = YES;
				CLANG_WARN_OBJC_ROOT_CLASS = YES_ERROR;
				CLANG_WARN_QUOTED_INCLUDE_IN_FRAMEWORK_HEADER = YES;
				CLANG_WARN_RANGE_LOOP_ANALYSIS = YES;
				CLANG_WARN_STRICT_PROTOTYPES = YES;
				CLANG_WARN_SUSPICIOUS_MOVE = YES;
				CLANG_WARN_UNGUARDED_AVAILABILITY = YES_AGGRESSIVE;
				CLANG_WARN_UNREACHABLE_CODE = YES;
				CLANG_WARN__DUPLICATE_METHOD_MATCH = YES;
				COPY_PHASE_STRIP = NO;
				DEBUG_INFORMATION_FORMAT = "dwarf-with-dsym";
				ENABLE_NS_ASSERTIONS = NO;
				ENABLE_STRICT_OBJC_MSGSEND = YES;
				GCC_C_LANGUAGE_STANDARD = gnu11;
				GCC_NO_COMMON_BLOCKS = YES;
				GCC_WARN_64_TO_32_BIT_CONVERSION = YES;
				GCC_WARN_ABOUT_RETURN_TYPE = YES_ERROR;
				GCC_WARN_UNDECLARED_SELECTOR = YES;
				GCC_WARN_UNINITIALIZED_AUTOS = YES_AGGRESSIVE;
				GCC_WARN_UNUSED_FUNCTION = YES;
				GCC_WARN_UNUSED_VARIABLE = YES;
				IPHONEOS_DEPLOYMENT_TARGET = 15.5;
				MTL_ENABLE_DEBUG_INFO = NO;
				MTL_FAST_MATH = YES;
				SDKROOT = iphoneos;
				SWIFT_COMPILATION_MODE = wholemodule;
				SWIFT_OPTIMIZATION_LEVEL = "-O";
				VALIDATE_PRODUCT = YES;
			};
			name = Release;
		};
		08B70B9C28C5EF8000B01202 /* Debug */ = {
			isa = XCBuildConfiguration;
			buildSettings = {
				ASSETCATALOG_COMPILER_APPICON_NAME = AppIcon;
				ASSETCATALOG_COMPILER_GLOBAL_ACCENT_COLOR_NAME = AccentColor;
				CODE_SIGN_STYLE = Automatic;
				CURRENT_PROJECT_VERSION = 1;
				DEVELOPMENT_TEAM = 9PF2GLF6PD;
				GENERATE_INFOPLIST_FILE = YES;
				INFOPLIST_FILE = Dwitter/Info.plist;
				INFOPLIST_KEY_UIApplicationSupportsIndirectInputEvents = YES;
				INFOPLIST_KEY_UILaunchStoryboardName = LaunchScreen;
				INFOPLIST_KEY_UIMainStoryboardFile = Main;
				INFOPLIST_KEY_UISupportedInterfaceOrientations_iPad = "UIInterfaceOrientationPortrait UIInterfaceOrientationPortraitUpsideDown UIInterfaceOrientationLandscapeLeft UIInterfaceOrientationLandscapeRight";
				INFOPLIST_KEY_UISupportedInterfaceOrientations_iPhone = "UIInterfaceOrientationPortrait UIInterfaceOrientationLandscapeLeft UIInterfaceOrientationLandscapeRight";
				LD_RUNPATH_SEARCH_PATHS = (
					"$(inherited)",
					"@executable_path/Frameworks",
				);
				MARKETING_VERSION = 1.0;
				PRODUCT_BUNDLE_IDENTIFIER = com.Beavean.Anthony.Dwitter;
				PRODUCT_NAME = "$(TARGET_NAME)";
				SWIFT_EMIT_LOC_STRINGS = YES;
				SWIFT_VERSION = 5.0;
				TARGETED_DEVICE_FAMILY = "1,2";
			};
			name = Debug;
		};
		08B70B9D28C5EF8000B01202 /* Release */ = {
			isa = XCBuildConfiguration;
			buildSettings = {
				ASSETCATALOG_COMPILER_APPICON_NAME = AppIcon;
				ASSETCATALOG_COMPILER_GLOBAL_ACCENT_COLOR_NAME = AccentColor;
				CODE_SIGN_STYLE = Automatic;
				CURRENT_PROJECT_VERSION = 1;
				DEVELOPMENT_TEAM = 9PF2GLF6PD;
				GENERATE_INFOPLIST_FILE = YES;
				INFOPLIST_FILE = Dwitter/Info.plist;
				INFOPLIST_KEY_UIApplicationSupportsIndirectInputEvents = YES;
				INFOPLIST_KEY_UILaunchStoryboardName = LaunchScreen;
				INFOPLIST_KEY_UIMainStoryboardFile = Main;
				INFOPLIST_KEY_UISupportedInterfaceOrientations_iPad = "UIInterfaceOrientationPortrait UIInterfaceOrientationPortraitUpsideDown UIInterfaceOrientationLandscapeLeft UIInterfaceOrientationLandscapeRight";
				INFOPLIST_KEY_UISupportedInterfaceOrientations_iPhone = "UIInterfaceOrientationPortrait UIInterfaceOrientationLandscapeLeft UIInterfaceOrientationLandscapeRight";
				LD_RUNPATH_SEARCH_PATHS = (
					"$(inherited)",
					"@executable_path/Frameworks",
				);
				MARKETING_VERSION = 1.0;
				PRODUCT_BUNDLE_IDENTIFIER = com.Beavean.Anthony.Dwitter;
				PRODUCT_NAME = "$(TARGET_NAME)";
				SWIFT_EMIT_LOC_STRINGS = YES;
				SWIFT_VERSION = 5.0;
				TARGETED_DEVICE_FAMILY = "1,2";
			};
			name = Release;
		};
/* End XCBuildConfiguration section */

/* Begin XCConfigurationList section */
		08B70B8228C5EF7E00B01202 /* Build configuration list for PBXProject "Dwitter" */ = {
			isa = XCConfigurationList;
			buildConfigurations = (
				08B70B9928C5EF8000B01202 /* Debug */,
				08B70B9A28C5EF8000B01202 /* Release */,
			);
			defaultConfigurationIsVisible = 0;
			defaultConfigurationName = Release;
		};
		08B70B9B28C5EF8000B01202 /* Build configuration list for PBXNativeTarget "Dwitter" */ = {
			isa = XCConfigurationList;
			buildConfigurations = (
				08B70B9C28C5EF8000B01202 /* Debug */,
				08B70B9D28C5EF8000B01202 /* Release */,
			);
			defaultConfigurationIsVisible = 0;
			defaultConfigurationName = Release;
		};
/* End XCConfigurationList section */
	};
	rootObject = 08B70B7F28C5EF7E00B01202 /* Project object */;
}
