// !$*UTF8*$!
{
	archiveVersion = 1;
	classes = {
	};
	objectVersion = 55;
	objects = {

/* Begin PBXBuildFile section */
		0847113528CF262B0032C4B3 /* TweetController.swift in Sources */ = {isa = PBXBuildFile; fileRef = 0847113428CF262B0032C4B3 /* TweetController.swift */; };
		0847113728CF28BD0032C4B3 /* TweetHeader.swift in Sources */ = {isa = PBXBuildFile; fileRef = 0847113628CF28BD0032C4B3 /* TweetHeader.swift */; };
		0859564A28CA2A2600226AC2 /* CaptionTextView.swift in Sources */ = {isa = PBXBuildFile; fileRef = 0859564928CA2A2600226AC2 /* CaptionTextView.swift */; };
		0859564C28CA2F6300226AC2 /* TweetService.swift in Sources */ = {isa = PBXBuildFile; fileRef = 0859564B28CA2F6300226AC2 /* TweetService.swift */; };
		0859564E28CA354E00226AC2 /* Tweet.swift in Sources */ = {isa = PBXBuildFile; fileRef = 0859564D28CA354E00226AC2 /* Tweet.swift */; };
		0859565028CA3B5800226AC2 /* TweetCell.swift in Sources */ = {isa = PBXBuildFile; fileRef = 0859564F28CA3B5800226AC2 /* TweetCell.swift */; };
		08AFF1D728C8B2BB00E5D3C9 /* Constants.swift in Sources */ = {isa = PBXBuildFile; fileRef = 08AFF1D628C8B2BB00E5D3C9 /* Constants.swift */; };
		08AFF1D928C8B73800E5D3C9 /* AuthenticationService.swift in Sources */ = {isa = PBXBuildFile; fileRef = 08AFF1D828C8B73800E5D3C9 /* AuthenticationService.swift */; };
		08AFF1F228C9E2FD00E5D3C9 /* UserService.swift in Sources */ = {isa = PBXBuildFile; fileRef = 08AFF1F128C9E2FD00E5D3C9 /* UserService.swift */; };
		08AFF1F428C9EC5400E5D3C9 /* User.swift in Sources */ = {isa = PBXBuildFile; fileRef = 08AFF1F328C9EC5400E5D3C9 /* User.swift */; };
		08AFF1F628C9F4D600E5D3C9 /* UploadDweetController.swift in Sources */ = {isa = PBXBuildFile; fileRef = 08AFF1F528C9F4D600E5D3C9 /* UploadDweetController.swift */; };
		08B4987B28CB480F000E1D21 /* TweetViewModel.swift in Sources */ = {isa = PBXBuildFile; fileRef = 08B4987A28CB480F000E1D21 /* TweetViewModel.swift */; };
		08B4987D28CB4E7A000E1D21 /* ProfileController.swift in Sources */ = {isa = PBXBuildFile; fileRef = 08B4987C28CB4E7A000E1D21 /* ProfileController.swift */; };
		08B70B8B28C5EF7E00B01202 /* AppDelegate.swift in Sources */ = {isa = PBXBuildFile; fileRef = 08B70B8A28C5EF7E00B01202 /* AppDelegate.swift */; };
		08B70B8D28C5EF7E00B01202 /* SceneDelegate.swift in Sources */ = {isa = PBXBuildFile; fileRef = 08B70B8C28C5EF7E00B01202 /* SceneDelegate.swift */; };
		08B70B9228C5EF7E00B01202 /* Main.storyboard in Resources */ = {isa = PBXBuildFile; fileRef = 08B70B9028C5EF7E00B01202 /* Main.storyboard */; };
		08B70B9428C5EF8000B01202 /* Assets.xcassets in Resources */ = {isa = PBXBuildFile; fileRef = 08B70B9328C5EF8000B01202 /* Assets.xcassets */; };
		08B70B9728C5EF8000B01202 /* LaunchScreen.storyboard in Resources */ = {isa = PBXBuildFile; fileRef = 08B70B9528C5EF8000B01202 /* LaunchScreen.storyboard */; };
		08B70BA628C5F0ED00B01202 /* MainTabController.swift in Sources */ = {isa = PBXBuildFile; fileRef = 08B70BA528C5F0ED00B01202 /* MainTabController.swift */; };
		08B70BA828C5F1B900B01202 /* FeedController.swift in Sources */ = {isa = PBXBuildFile; fileRef = 08B70BA728C5F1B900B01202 /* FeedController.swift */; };
		08B70BAA28C5F1FC00B01202 /* ExploreController.swift in Sources */ = {isa = PBXBuildFile; fileRef = 08B70BA928C5F1FC00B01202 /* ExploreController.swift */; };
		08B70BAC28C5F20C00B01202 /* NotificationsController.swift in Sources */ = {isa = PBXBuildFile; fileRef = 08B70BAB28C5F20C00B01202 /* NotificationsController.swift */; };
		08B70BAE28C5F22B00B01202 /* ConversationsController.swift in Sources */ = {isa = PBXBuildFile; fileRef = 08B70BAD28C5F22B00B01202 /* ConversationsController.swift */; };
		08B70BD428C73FED00B01202 /* Extensions.swift in Sources */ = {isa = PBXBuildFile; fileRef = 08B70BD328C73FED00B01202 /* Extensions.swift */; };
		08B70BD728C74D0800B01202 /* LoginController.swift in Sources */ = {isa = PBXBuildFile; fileRef = 08B70BD628C74D0800B01202 /* LoginController.swift */; };
		08B70BDB28C757B700B01202 /* InputContainerView.swift in Sources */ = {isa = PBXBuildFile; fileRef = 08B70BDA28C757B700B01202 /* InputContainerView.swift */; };
		08B70BDD28C7582800B01202 /* CustomTextField.swift in Sources */ = {isa = PBXBuildFile; fileRef = 08B70BDC28C7582800B01202 /* CustomTextField.swift */; };
		08B70BDF28C75A5700B01202 /* Utilities.swift in Sources */ = {isa = PBXBuildFile; fileRef = 08B70BDE28C75A5700B01202 /* Utilities.swift */; };
		08B70BE628C88B6900B01202 /* RegistrationController.swift in Sources */ = {isa = PBXBuildFile; fileRef = 08B70BE528C88B6900B01202 /* RegistrationController.swift */; };
		08B70BE828C89FE800B01202 /* GoogleService-Info.plist in Resources */ = {isa = PBXBuildFile; fileRef = 08B70BE728C89FE800B01202 /* GoogleService-Info.plist */; };
		08C280EB28CB5747001CD3F6 /* ProfileHeader.swift in Sources */ = {isa = PBXBuildFile; fileRef = 08C280EA28CB5747001CD3F6 /* ProfileHeader.swift */; };
		08C280ED28CB6B14001CD3F6 /* ProfileFilterView.swift in Sources */ = {isa = PBXBuildFile; fileRef = 08C280EC28CB6B14001CD3F6 /* ProfileFilterView.swift */; };
		08C280EF28CB7A82001CD3F6 /* ProfileFilterCell.swift in Sources */ = {isa = PBXBuildFile; fileRef = 08C280EE28CB7A82001CD3F6 /* ProfileFilterCell.swift */; };
		08C280F128CB910A001CD3F6 /* ProfileHeaderViewModel.swift in Sources */ = {isa = PBXBuildFile; fileRef = 08C280F028CB910A001CD3F6 /* ProfileHeaderViewModel.swift */; };
		08C2810628CC9383001CD3F6 /* UserCell.swift in Sources */ = {isa = PBXBuildFile; fileRef = 08C2810528CC9383001CD3F6 /* UserCell.swift */; };
		342E94FC7AC0CE8784136876 /* Pods_Dwitter.framework in Frameworks */ = {isa = PBXBuildFile; fileRef = B25C860649E9DDEEC041A4E2 /* Pods_Dwitter.framework */; };
/* End PBXBuildFile section */

/* Begin PBXFileReference section */
		0847113428CF262B0032C4B3 /* TweetController.swift */ = {isa = PBXFileReference; lastKnownFileType = sourcecode.swift; path = TweetController.swift; sourceTree = "<group>"; };
		0847113628CF28BD0032C4B3 /* TweetHeader.swift */ = {isa = PBXFileReference; lastKnownFileType = sourcecode.swift; path = TweetHeader.swift; sourceTree = "<group>"; };
		0859564928CA2A2600226AC2 /* CaptionTextView.swift */ = {isa = PBXFileReference; lastKnownFileType = sourcecode.swift; path = CaptionTextView.swift; sourceTree = "<group>"; };
		0859564B28CA2F6300226AC2 /* TweetService.swift */ = {isa = PBXFileReference; lastKnownFileType = sourcecode.swift; path = TweetService.swift; sourceTree = "<group>"; };
		0859564D28CA354E00226AC2 /* Tweet.swift */ = {isa = PBXFileReference; lastKnownFileType = sourcecode.swift; path = Tweet.swift; sourceTree = "<group>"; };
		0859564F28CA3B5800226AC2 /* TweetCell.swift */ = {isa = PBXFileReference; lastKnownFileType = sourcecode.swift; path = TweetCell.swift; sourceTree = "<group>"; };
		08AFF1D628C8B2BB00E5D3C9 /* Constants.swift */ = {isa = PBXFileReference; lastKnownFileType = sourcecode.swift; path = Constants.swift; sourceTree = "<group>"; };
		08AFF1D828C8B73800E5D3C9 /* AuthenticationService.swift */ = {isa = PBXFileReference; lastKnownFileType = sourcecode.swift; path = AuthenticationService.swift; sourceTree = "<group>"; };
		08AFF1F128C9E2FD00E5D3C9 /* UserService.swift */ = {isa = PBXFileReference; lastKnownFileType = sourcecode.swift; path = UserService.swift; sourceTree = "<group>"; };
		08AFF1F328C9EC5400E5D3C9 /* User.swift */ = {isa = PBXFileReference; lastKnownFileType = sourcecode.swift; path = User.swift; sourceTree = "<group>"; };
		08AFF1F528C9F4D600E5D3C9 /* UploadDweetController.swift */ = {isa = PBXFileReference; lastKnownFileType = sourcecode.swift; path = UploadDweetController.swift; sourceTree = "<group>"; };
		08B4987A28CB480F000E1D21 /* TweetViewModel.swift */ = {isa = PBXFileReference; lastKnownFileType = sourcecode.swift; path = TweetViewModel.swift; sourceTree = "<group>"; };
		08B4987C28CB4E7A000E1D21 /* ProfileController.swift */ = {isa = PBXFileReference; lastKnownFileType = sourcecode.swift; path = ProfileController.swift; sourceTree = "<group>"; };
		08B70B8728C5EF7E00B01202 /* Dwitter.app */ = {isa = PBXFileReference; explicitFileType = wrapper.application; includeInIndex = 0; path = Dwitter.app; sourceTree = BUILT_PRODUCTS_DIR; };
		08B70B8A28C5EF7E00B01202 /* AppDelegate.swift */ = {isa = PBXFileReference; lastKnownFileType = sourcecode.swift; path = AppDelegate.swift; sourceTree = "<group>"; };
		08B70B8C28C5EF7E00B01202 /* SceneDelegate.swift */ = {isa = PBXFileReference; lastKnownFileType = sourcecode.swift; path = SceneDelegate.swift; sourceTree = "<group>"; };
		08B70B9128C5EF7E00B01202 /* Base */ = {isa = PBXFileReference; lastKnownFileType = file.storyboard; name = Base; path = Base.lproj/Main.storyboard; sourceTree = "<group>"; };
		08B70B9328C5EF8000B01202 /* Assets.xcassets */ = {isa = PBXFileReference; lastKnownFileType = folder.assetcatalog; path = Assets.xcassets; sourceTree = "<group>"; };
		08B70B9628C5EF8000B01202 /* Base */ = {isa = PBXFileReference; lastKnownFileType = file.storyboard; name = Base; path = Base.lproj/LaunchScreen.storyboard; sourceTree = "<group>"; };
		08B70B9828C5EF8000B01202 /* Info.plist */ = {isa = PBXFileReference; lastKnownFileType = text.plist.xml; path = Info.plist; sourceTree = "<group>"; };
		08B70BA528C5F0ED00B01202 /* MainTabController.swift */ = {isa = PBXFileReference; lastKnownFileType = sourcecode.swift; path = MainTabController.swift; sourceTree = "<group>"; };
		08B70BA728C5F1B900B01202 /* FeedController.swift */ = {isa = PBXFileReference; lastKnownFileType = sourcecode.swift; path = FeedController.swift; sourceTree = "<group>"; };
		08B70BA928C5F1FC00B01202 /* ExploreController.swift */ = {isa = PBXFileReference; lastKnownFileType = sourcecode.swift; path = ExploreController.swift; sourceTree = "<group>"; };
		08B70BAB28C5F20C00B01202 /* NotificationsController.swift */ = {isa = PBXFileReference; lastKnownFileType = sourcecode.swift; path = NotificationsController.swift; sourceTree = "<group>"; };
		08B70BAD28C5F22B00B01202 /* ConversationsController.swift */ = {isa = PBXFileReference; lastKnownFileType = sourcecode.swift; path = ConversationsController.swift; sourceTree = "<group>"; };
		08B70BD328C73FED00B01202 /* Extensions.swift */ = {isa = PBXFileReference; lastKnownFileType = sourcecode.swift; path = Extensions.swift; sourceTree = "<group>"; };
		08B70BD628C74D0800B01202 /* LoginController.swift */ = {isa = PBXFileReference; lastKnownFileType = sourcecode.swift; path = LoginController.swift; sourceTree = "<group>"; };
		08B70BDA28C757B700B01202 /* InputContainerView.swift */ = {isa = PBXFileReference; lastKnownFileType = sourcecode.swift; path = InputContainerView.swift; sourceTree = "<group>"; };
		08B70BDC28C7582800B01202 /* CustomTextField.swift */ = {isa = PBXFileReference; lastKnownFileType = sourcecode.swift; path = CustomTextField.swift; sourceTree = "<group>"; };
		08B70BDE28C75A5700B01202 /* Utilities.swift */ = {isa = PBXFileReference; lastKnownFileType = sourcecode.swift; path = Utilities.swift; sourceTree = "<group>"; };
		08B70BE528C88B6900B01202 /* RegistrationController.swift */ = {isa = PBXFileReference; lastKnownFileType = sourcecode.swift; path = RegistrationController.swift; sourceTree = "<group>"; };
		08B70BE728C89FE800B01202 /* GoogleService-Info.plist */ = {isa = PBXFileReference; fileEncoding = 4; lastKnownFileType = text.plist.xml; path = "GoogleService-Info.plist"; sourceTree = "<group>"; };
		08C280EA28CB5747001CD3F6 /* ProfileHeader.swift */ = {isa = PBXFileReference; lastKnownFileType = sourcecode.swift; path = ProfileHeader.swift; sourceTree = "<group>"; };
		08C280EC28CB6B14001CD3F6 /* ProfileFilterView.swift */ = {isa = PBXFileReference; lastKnownFileType = sourcecode.swift; path = ProfileFilterView.swift; sourceTree = "<group>"; };
		08C280EE28CB7A82001CD3F6 /* ProfileFilterCell.swift */ = {isa = PBXFileReference; lastKnownFileType = sourcecode.swift; path = ProfileFilterCell.swift; sourceTree = "<group>"; };
		08C280F028CB910A001CD3F6 /* ProfileHeaderViewModel.swift */ = {isa = PBXFileReference; lastKnownFileType = sourcecode.swift; path = ProfileHeaderViewModel.swift; sourceTree = "<group>"; };
		08C2810528CC9383001CD3F6 /* UserCell.swift */ = {isa = PBXFileReference; lastKnownFileType = sourcecode.swift; path = UserCell.swift; sourceTree = "<group>"; };
		4266F5BA42CAD04DF2B700A9 /* Pods-Dwitter.release.xcconfig */ = {isa = PBXFileReference; includeInIndex = 1; lastKnownFileType = text.xcconfig; name = "Pods-Dwitter.release.xcconfig"; path = "Target Support Files/Pods-Dwitter/Pods-Dwitter.release.xcconfig"; sourceTree = "<group>"; };
		AEC90B2E376B42429CF88B9F /* Pods-Dwitter.debug.xcconfig */ = {isa = PBXFileReference; includeInIndex = 1; lastKnownFileType = text.xcconfig; name = "Pods-Dwitter.debug.xcconfig"; path = "Target Support Files/Pods-Dwitter/Pods-Dwitter.debug.xcconfig"; sourceTree = "<group>"; };
		B25C860649E9DDEEC041A4E2 /* Pods_Dwitter.framework */ = {isa = PBXFileReference; explicitFileType = wrapper.framework; includeInIndex = 0; path = Pods_Dwitter.framework; sourceTree = BUILT_PRODUCTS_DIR; };
/* End PBXFileReference section */

/* Begin PBXFrameworksBuildPhase section */
		08B70B8428C5EF7E00B01202 /* Frameworks */ = {
			isa = PBXFrameworksBuildPhase;
			buildActionMask = 2147483647;
			files = (
				342E94FC7AC0CE8784136876 /* Pods_Dwitter.framework in Frameworks */,
			);
			runOnlyForDeploymentPostprocessing = 0;
		};
/* End PBXFrameworksBuildPhase section */

/* Begin PBXGroup section */
		08B70B7E28C5EF7E00B01202 = {
			isa = PBXGroup;
			children = (
				08B70B8928C5EF7E00B01202 /* Dwitter */,
				08B70B8828C5EF7E00B01202 /* Products */,
				1C8B495BD56EBF944E778F32 /* Pods */,
				3A74F3BF950EB248BC8EFD6C /* Frameworks */,
			);
			sourceTree = "<group>";
		};
		08B70B8828C5EF7E00B01202 /* Products */ = {
			isa = PBXGroup;
			children = (
				08B70B8728C5EF7E00B01202 /* Dwitter.app */,
			);
			name = Products;
			sourceTree = "<group>";
		};
		08B70B8928C5EF7E00B01202 /* Dwitter */ = {
			isa = PBXGroup;
			children = (
				08B70BA428C5F04F00B01202 /* Model */,
				08B70BA328C5F04D00B01202 /* View */,
				08B70BA228C5F03D00B01202 /* ViewModel */,
				08B70BA128C5F03900B01202 /* Controller */,
				08B70BA028C5F03700B01202 /* API */,
				08B70B9E28C5F02E00B01202 /* Utilities */,
				08B70B8A28C5EF7E00B01202 /* AppDelegate.swift */,
				08B70B8C28C5EF7E00B01202 /* SceneDelegate.swift */,
				08B70B9028C5EF7E00B01202 /* Main.storyboard */,
				08B70B9328C5EF8000B01202 /* Assets.xcassets */,
				08B70B9528C5EF8000B01202 /* LaunchScreen.storyboard */,
				08B70B9828C5EF8000B01202 /* Info.plist */,
				08B70BE728C89FE800B01202 /* GoogleService-Info.plist */,
			);
			path = Dwitter;
			sourceTree = "<group>";
		};
		08B70B9E28C5F02E00B01202 /* Utilities */ = {
			isa = PBXGroup;
			children = (
				08B70BD328C73FED00B01202 /* Extensions.swift */,
				08B70BDE28C75A5700B01202 /* Utilities.swift */,
				08AFF1D628C8B2BB00E5D3C9 /* Constants.swift */,
			);
			path = Utilities;
			sourceTree = "<group>";
		};
		08B70BA028C5F03700B01202 /* API */ = {
			isa = PBXGroup;
			children = (
				08AFF1D828C8B73800E5D3C9 /* AuthenticationService.swift */,
				08AFF1F128C9E2FD00E5D3C9 /* UserService.swift */,
				0859564B28CA2F6300226AC2 /* TweetService.swift */,
			);
			path = API;
			sourceTree = "<group>";
		};
		08B70BA128C5F03900B01202 /* Controller */ = {
			isa = PBXGroup;
			children = (
				08B70BD528C74CF300B01202 /* Authentication */,
				08B70BA528C5F0ED00B01202 /* MainTabController.swift */,
				08B70BA728C5F1B900B01202 /* FeedController.swift */,
				08B70BA928C5F1FC00B01202 /* ExploreController.swift */,
				08B70BAB28C5F20C00B01202 /* NotificationsController.swift */,
				08B70BAD28C5F22B00B01202 /* ConversationsController.swift */,
				08AFF1F528C9F4D600E5D3C9 /* UploadDweetController.swift */,
				08B4987C28CB4E7A000E1D21 /* ProfileController.swift */,
				0847113428CF262B0032C4B3 /* TweetController.swift */,
			);
			path = Controller;
			sourceTree = "<group>";
		};
		08B70BA228C5F03D00B01202 /* ViewModel */ = {
			isa = PBXGroup;
			children = (
				08B4987A28CB480F000E1D21 /* TweetViewModel.swift */,
				08C280F028CB910A001CD3F6 /* ProfileHeaderViewModel.swift */,
			);
			path = ViewModel;
			sourceTree = "<group>";
		};
		08B70BA328C5F04D00B01202 /* View */ = {
			isa = PBXGroup;
			children = (
				08B70BDA28C757B700B01202 /* InputContainerView.swift */,
				08B70BDC28C7582800B01202 /* CustomTextField.swift */,
				0859564928CA2A2600226AC2 /* CaptionTextView.swift */,
				0859564F28CA3B5800226AC2 /* TweetCell.swift */,
				08C280EA28CB5747001CD3F6 /* ProfileHeader.swift */,
				08C280EC28CB6B14001CD3F6 /* ProfileFilterView.swift */,
				08C280EE28CB7A82001CD3F6 /* ProfileFilterCell.swift */,
				08C2810528CC9383001CD3F6 /* UserCell.swift */,
				0847113628CF28BD0032C4B3 /* TweetHeader.swift */,
			);
			path = View;
			sourceTree = "<group>";
		};
		08B70BA428C5F04F00B01202 /* Model */ = {
			isa = PBXGroup;
			children = (
				08AFF1F328C9EC5400E5D3C9 /* User.swift */,
				0859564D28CA354E00226AC2 /* Tweet.swift */,
			);
			path = Model;
			sourceTree = "<group>";
		};
		08B70BD528C74CF300B01202 /* Authentication */ = {
			isa = PBXGroup;
			children = (
				08B70BD628C74D0800B01202 /* LoginController.swift */,
				08B70BE528C88B6900B01202 /* RegistrationController.swift */,
			);
			path = Authentication;
			sourceTree = "<group>";
		};
		1C8B495BD56EBF944E778F32 /* Pods */ = {
			isa = PBXGroup;
			children = (
				AEC90B2E376B42429CF88B9F /* Pods-Dwitter.debug.xcconfig */,
				4266F5BA42CAD04DF2B700A9 /* Pods-Dwitter.release.xcconfig */,
			);
			path = Pods;
			sourceTree = "<group>";
		};
		3A74F3BF950EB248BC8EFD6C /* Frameworks */ = {
			isa = PBXGroup;
			children = (
				B25C860649E9DDEEC041A4E2 /* Pods_Dwitter.framework */,
			);
			name = Frameworks;
			sourceTree = "<group>";
		};
/* End PBXGroup section */

/* Begin PBXNativeTarget section */
		08B70B8628C5EF7E00B01202 /* Dwitter */ = {
			isa = PBXNativeTarget;
			buildConfigurationList = 08B70B9B28C5EF8000B01202 /* Build configuration list for PBXNativeTarget "Dwitter" */;
			buildPhases = (
				DC8E201B6AE3BFE80918567E /* [CP] Check Pods Manifest.lock */,
				08B70B8328C5EF7E00B01202 /* Sources */,
				08B70B8428C5EF7E00B01202 /* Frameworks */,
				08B70B8528C5EF7E00B01202 /* Resources */,
				472B948D0381FC44F08A6263 /* [CP] Embed Pods Frameworks */,
			);
			buildRules = (
			);
			dependencies = (
			);
			name = Dwitter;
			productName = Dwitter;
			productReference = 08B70B8728C5EF7E00B01202 /* Dwitter.app */;
			productType = "com.apple.product-type.application";
		};
/* End PBXNativeTarget section */

/* Begin PBXProject section */
		08B70B7F28C5EF7E00B01202 /* Project object */ = {
			isa = PBXProject;
			attributes = {
				BuildIndependentTargetsInParallel = 1;
				LastSwiftUpdateCheck = 1340;
				LastUpgradeCheck = 1340;
				TargetAttributes = {
					08B70B8628C5EF7E00B01202 = {
						CreatedOnToolsVersion = 13.4.1;
					};
				};
			};
			buildConfigurationList = 08B70B8228C5EF7E00B01202 /* Build configuration list for PBXProject "Dwitter" */;
			compatibilityVersion = "Xcode 13.0";
			developmentRegion = en;
			hasScannedForEncodings = 0;
			knownRegions = (
				en,
				Base,
			);
			mainGroup = 08B70B7E28C5EF7E00B01202;
			productRefGroup = 08B70B8828C5EF7E00B01202 /* Products */;
			projectDirPath = "";
			projectRoot = "";
			targets = (
				08B70B8628C5EF7E00B01202 /* Dwitter */,
			);
		};
/* End PBXProject section */

/* Begin PBXResourcesBuildPhase section */
		08B70B8528C5EF7E00B01202 /* Resources */ = {
			isa = PBXResourcesBuildPhase;
			buildActionMask = 2147483647;
			files = (
				08B70B9728C5EF8000B01202 /* LaunchScreen.storyboard in Resources */,
				08B70BE828C89FE800B01202 /* GoogleService-Info.plist in Resources */,
				08B70B9428C5EF8000B01202 /* Assets.xcassets in Resources */,
				08B70B9228C5EF7E00B01202 /* Main.storyboard in Resources */,
			);
			runOnlyForDeploymentPostprocessing = 0;
		};
/* End PBXResourcesBuildPhase section */

/* Begin PBXShellScriptBuildPhase section */
		472B948D0381FC44F08A6263 /* [CP] Embed Pods Frameworks */ = {
			isa = PBXShellScriptBuildPhase;
			buildActionMask = 2147483647;
			files = (
			);
			inputFileListPaths = (
				"${PODS_ROOT}/Target Support Files/Pods-Dwitter/Pods-Dwitter-frameworks-${CONFIGURATION}-input-files.xcfilelist",
			);
			name = "[CP] Embed Pods Frameworks";
			outputFileListPaths = (
				"${PODS_ROOT}/Target Support Files/Pods-Dwitter/Pods-Dwitter-frameworks-${CONFIGURATION}-output-files.xcfilelist",
			);
			runOnlyForDeploymentPostprocessing = 0;
			shellPath = /bin/sh;
			shellScript = "\"${PODS_ROOT}/Target Support Files/Pods-Dwitter/Pods-Dwitter-frameworks.sh\"\n";
			showEnvVarsInLog = 0;
		};
		DC8E201B6AE3BFE80918567E /* [CP] Check Pods Manifest.lock */ = {
			isa = PBXShellScriptBuildPhase;
			buildActionMask = 2147483647;
			files = (
			);
			inputFileListPaths = (
			);
			inputPaths = (
				"${PODS_PODFILE_DIR_PATH}/Podfile.lock",
				"${PODS_ROOT}/Manifest.lock",
			);
			name = "[CP] Check Pods Manifest.lock";
			outputFileListPaths = (
			);
			outputPaths = (
				"$(DERIVED_FILE_DIR)/Pods-Dwitter-checkManifestLockResult.txt",
			);
			runOnlyForDeploymentPostprocessing = 0;
			shellPath = /bin/sh;
			shellScript = "diff \"${PODS_PODFILE_DIR_PATH}/Podfile.lock\" \"${PODS_ROOT}/Manifest.lock\" > /dev/null\nif [ $? != 0 ] ; then\n    # print error to STDERR\n    echo \"error: The sandbox is not in sync with the Podfile.lock. Run 'pod install' or update your CocoaPods installation.\" >&2\n    exit 1\nfi\n# This output is used by Xcode 'outputs' to avoid re-running this script phase.\necho \"SUCCESS\" > \"${SCRIPT_OUTPUT_FILE_0}\"\n";
			showEnvVarsInLog = 0;
		};
/* End PBXShellScriptBuildPhase section */

/* Begin PBXSourcesBuildPhase section */
		08B70B8328C5EF7E00B01202 /* Sources */ = {
			isa = PBXSourcesBuildPhase;
			buildActionMask = 2147483647;
			files = (
				08B70BAC28C5F20C00B01202 /* NotificationsController.swift in Sources */,
				08C280F128CB910A001CD3F6 /* ProfileHeaderViewModel.swift in Sources */,
				08B70BDD28C7582800B01202 /* CustomTextField.swift in Sources */,
				08B70BAE28C5F22B00B01202 /* ConversationsController.swift in Sources */,
				0859564E28CA354E00226AC2 /* Tweet.swift in Sources */,
				08B70B8B28C5EF7E00B01202 /* AppDelegate.swift in Sources */,
				08B70BD428C73FED00B01202 /* Extensions.swift in Sources */,
				08B70BD728C74D0800B01202 /* LoginController.swift in Sources */,
				08B70BDF28C75A5700B01202 /* Utilities.swift in Sources */,
				08AFF1F428C9EC5400E5D3C9 /* User.swift in Sources */,
				08AFF1F628C9F4D600E5D3C9 /* UploadDweetController.swift in Sources */,
				08B70BAA28C5F1FC00B01202 /* ExploreController.swift in Sources */,
				08B70B8D28C5EF7E00B01202 /* SceneDelegate.swift in Sources */,
				08C280ED28CB6B14001CD3F6 /* ProfileFilterView.swift in Sources */,
				0859564A28CA2A2600226AC2 /* CaptionTextView.swift in Sources */,
				08AFF1D928C8B73800E5D3C9 /* AuthenticationService.swift in Sources */,
				08C2810628CC9383001CD3F6 /* UserCell.swift in Sources */,
				08B70BA628C5F0ED00B01202 /* MainTabController.swift in Sources */,
				0859565028CA3B5800226AC2 /* TweetCell.swift in Sources */,
				08B70BA828C5F1B900B01202 /* FeedController.swift in Sources */,
				08AFF1F228C9E2FD00E5D3C9 /* UserService.swift in Sources */,
				08C280EB28CB5747001CD3F6 /* ProfileHeader.swift in Sources */,
				08AFF1D728C8B2BB00E5D3C9 /* Constants.swift in Sources */,
				0847113728CF28BD0032C4B3 /* TweetHeader.swift in Sources */,
				08B4987B28CB480F000E1D21 /* TweetViewModel.swift in Sources */,
				08B70BDB28C757B700B01202 /* InputContainerView.swift in Sources */,
				08C280EF28CB7A82001CD3F6 /* ProfileFilterCell.swift in Sources */,
				08B70BE628C88B6900B01202 /* RegistrationController.swift in Sources */,
				0859564C28CA2F6300226AC2 /* TweetService.swift in Sources */,
				08B4987D28CB4E7A000E1D21 /* ProfileController.swift in Sources */,
				0847113528CF262B0032C4B3 /* TweetController.swift in Sources */,
			);
			runOnlyForDeploymentPostprocessing = 0;
		};
/* End PBXSourcesBuildPhase section */

/* Begin PBXVariantGroup section */
		08B70B9028C5EF7E00B01202 /* Main.storyboard */ = {
			isa = PBXVariantGroup;
			children = (
				08B70B9128C5EF7E00B01202 /* Base */,
			);
			name = Main.storyboard;
			sourceTree = "<group>";
		};
		08B70B9528C5EF8000B01202 /* LaunchScreen.storyboard */ = {
			isa = PBXVariantGroup;
			children = (
				08B70B9628C5EF8000B01202 /* Base */,
			);
			name = LaunchScreen.storyboard;
			sourceTree = "<group>";
		};
/* End PBXVariantGroup section */

/* Begin XCBuildConfiguration section */
		08B70B9928C5EF8000B01202 /* Debug */ = {
			isa = XCBuildConfiguration;
			buildSettings = {
				ALWAYS_SEARCH_USER_PATHS = NO;
				CLANG_ANALYZER_NONNULL = YES;
				CLANG_ANALYZER_NUMBER_OBJECT_CONVERSION = YES_AGGRESSIVE;
				CLANG_CXX_LANGUAGE_STANDARD = "gnu++17";
				CLANG_ENABLE_MODULES = YES;
				CLANG_ENABLE_OBJC_ARC = YES;
				CLANG_ENABLE_OBJC_WEAK = YES;
				CLANG_WARN_BLOCK_CAPTURE_AUTORELEASING = YES;
				CLANG_WARN_BOOL_CONVERSION = YES;
				CLANG_WARN_COMMA = YES;
				CLANG_WARN_CONSTANT_CONVERSION = YES;
				CLANG_WARN_DEPRECATED_OBJC_IMPLEMENTATIONS = YES;
				CLANG_WARN_DIRECT_OBJC_ISA_USAGE = YES_ERROR;
				CLANG_WARN_DOCUMENTATION_COMMENTS = YES;
				CLANG_WARN_EMPTY_BODY = YES;
				CLANG_WARN_ENUM_CONVERSION = YES;
				CLANG_WARN_INFINITE_RECURSION = YES;
				CLANG_WARN_INT_CONVERSION = YES;
				CLANG_WARN_NON_LITERAL_NULL_CONVERSION = YES;
				CLANG_WARN_OBJC_IMPLICIT_RETAIN_SELF = YES;
				CLANG_WARN_OBJC_LITERAL_CONVERSION = YES;
				CLANG_WARN_OBJC_ROOT_CLASS = YES_ERROR;
				CLANG_WARN_QUOTED_INCLUDE_IN_FRAMEWORK_HEADER = YES;
				CLANG_WARN_RANGE_LOOP_ANALYSIS = YES;
				CLANG_WARN_STRICT_PROTOTYPES = YES;
				CLANG_WARN_SUSPICIOUS_MOVE = YES;
				CLANG_WARN_UNGUARDED_AVAILABILITY = YES_AGGRESSIVE;
				CLANG_WARN_UNREACHABLE_CODE = YES;
				CLANG_WARN__DUPLICATE_METHOD_MATCH = YES;
				COPY_PHASE_STRIP = NO;
				DEBUG_INFORMATION_FORMAT = dwarf;
				ENABLE_STRICT_OBJC_MSGSEND = YES;
				ENABLE_TESTABILITY = YES;
				GCC_C_LANGUAGE_STANDARD = gnu11;
				GCC_DYNAMIC_NO_PIC = NO;
				GCC_NO_COMMON_BLOCKS = YES;
				GCC_OPTIMIZATION_LEVEL = 0;
				GCC_PREPROCESSOR_DEFINITIONS = (
					"DEBUG=1",
					"$(inherited)",
				);
				GCC_WARN_64_TO_32_BIT_CONVERSION = YES;
				GCC_WARN_ABOUT_RETURN_TYPE = YES_ERROR;
				GCC_WARN_UNDECLARED_SELECTOR = YES;
				GCC_WARN_UNINITIALIZED_AUTOS = YES_AGGRESSIVE;
				GCC_WARN_UNUSED_FUNCTION = YES;
				GCC_WARN_UNUSED_VARIABLE = YES;
				IPHONEOS_DEPLOYMENT_TARGET = 15.5;
				MTL_ENABLE_DEBUG_INFO = INCLUDE_SOURCE;
				MTL_FAST_MATH = YES;
				ONLY_ACTIVE_ARCH = YES;
				SDKROOT = iphoneos;
				SWIFT_ACTIVE_COMPILATION_CONDITIONS = DEBUG;
				SWIFT_OPTIMIZATION_LEVEL = "-Onone";
			};
			name = Debug;
		};
		08B70B9A28C5EF8000B01202 /* Release */ = {
			isa = XCBuildConfiguration;
			buildSettings = {
				ALWAYS_SEARCH_USER_PATHS = NO;
				CLANG_ANALYZER_NONNULL = YES;
				CLANG_ANALYZER_NUMBER_OBJECT_CONVERSION = YES_AGGRESSIVE;
				CLANG_CXX_LANGUAGE_STANDARD = "gnu++17";
				CLANG_ENABLE_MODULES = YES;
				CLANG_ENABLE_OBJC_ARC = YES;
				CLANG_ENABLE_OBJC_WEAK = YES;
				CLANG_WARN_BLOCK_CAPTURE_AUTORELEASING = YES;
				CLANG_WARN_BOOL_CONVERSION = YES;
				CLANG_WARN_COMMA = YES;
				CLANG_WARN_CONSTANT_CONVERSION = YES;
				CLANG_WARN_DEPRECATED_OBJC_IMPLEMENTATIONS = YES;
				CLANG_WARN_DIRECT_OBJC_ISA_USAGE = YES_ERROR;
				CLANG_WARN_DOCUMENTATION_COMMENTS = YES;
				CLANG_WARN_EMPTY_BODY = YES;
				CLANG_WARN_ENUM_CONVERSION = YES;
				CLANG_WARN_INFINITE_RECURSION = YES;
				CLANG_WARN_INT_CONVERSION = YES;
				CLANG_WARN_NON_LITERAL_NULL_CONVERSION = YES;
				CLANG_WARN_OBJC_IMPLICIT_RETAIN_SELF = YES;
				CLANG_WARN_OBJC_LITERAL_CONVERSION = YES;
				CLANG_WARN_OBJC_ROOT_CLASS = YES_ERROR;
				CLANG_WARN_QUOTED_INCLUDE_IN_FRAMEWORK_HEADER = YES;
				CLANG_WARN_RANGE_LOOP_ANALYSIS = YES;
				CLANG_WARN_STRICT_PROTOTYPES = YES;
				CLANG_WARN_SUSPICIOUS_MOVE = YES;
				CLANG_WARN_UNGUARDED_AVAILABILITY = YES_AGGRESSIVE;
				CLANG_WARN_UNREACHABLE_CODE = YES;
				CLANG_WARN__DUPLICATE_METHOD_MATCH = YES;
				COPY_PHASE_STRIP = NO;
				DEBUG_INFORMATION_FORMAT = "dwarf-with-dsym";
				ENABLE_NS_ASSERTIONS = NO;
				ENABLE_STRICT_OBJC_MSGSEND = YES;
				GCC_C_LANGUAGE_STANDARD = gnu11;
				GCC_NO_COMMON_BLOCKS = YES;
				GCC_WARN_64_TO_32_BIT_CONVERSION = YES;
				GCC_WARN_ABOUT_RETURN_TYPE = YES_ERROR;
				GCC_WARN_UNDECLARED_SELECTOR = YES;
				GCC_WARN_UNINITIALIZED_AUTOS = YES_AGGRESSIVE;
				GCC_WARN_UNUSED_FUNCTION = YES;
				GCC_WARN_UNUSED_VARIABLE = YES;
				IPHONEOS_DEPLOYMENT_TARGET = 15.5;
				MTL_ENABLE_DEBUG_INFO = NO;
				MTL_FAST_MATH = YES;
				SDKROOT = iphoneos;
				SWIFT_COMPILATION_MODE = wholemodule;
				SWIFT_OPTIMIZATION_LEVEL = "-O";
				VALIDATE_PRODUCT = YES;
			};
			name = Release;
		};
		08B70B9C28C5EF8000B01202 /* Debug */ = {
			isa = XCBuildConfiguration;
			baseConfigurationReference = AEC90B2E376B42429CF88B9F /* Pods-Dwitter.debug.xcconfig */;
			buildSettings = {
				ASSETCATALOG_COMPILER_APPICON_NAME = AppIcon;
				ASSETCATALOG_COMPILER_GLOBAL_ACCENT_COLOR_NAME = AccentColor;
				CODE_SIGN_STYLE = Automatic;
				CURRENT_PROJECT_VERSION = 1;
				DEVELOPMENT_TEAM = 9PF2GLF6PD;
				GENERATE_INFOPLIST_FILE = YES;
				INFOPLIST_FILE = Dwitter/Info.plist;
				INFOPLIST_KEY_UIApplicationSupportsIndirectInputEvents = YES;
				INFOPLIST_KEY_UILaunchStoryboardName = LaunchScreen;
				INFOPLIST_KEY_UIMainStoryboardFile = Main;
				INFOPLIST_KEY_UISupportedInterfaceOrientations_iPad = "UIInterfaceOrientationPortrait UIInterfaceOrientationPortraitUpsideDown UIInterfaceOrientationLandscapeLeft UIInterfaceOrientationLandscapeRight";
				INFOPLIST_KEY_UISupportedInterfaceOrientations_iPhone = "UIInterfaceOrientationPortrait UIInterfaceOrientationLandscapeLeft UIInterfaceOrientationLandscapeRight";
				LD_RUNPATH_SEARCH_PATHS = (
					"$(inherited)",
					"@executable_path/Frameworks",
				);
				MARKETING_VERSION = 1.0;
				PRODUCT_BUNDLE_IDENTIFIER = com.Beavean.Anthony.Dwitter;
				PRODUCT_NAME = "$(TARGET_NAME)";
				SWIFT_EMIT_LOC_STRINGS = YES;
				SWIFT_VERSION = 5.0;
				TARGETED_DEVICE_FAMILY = "1,2";
			};
			name = Debug;
		};
		08B70B9D28C5EF8000B01202 /* Release */ = {
			isa = XCBuildConfiguration;
			baseConfigurationReference = 4266F5BA42CAD04DF2B700A9 /* Pods-Dwitter.release.xcconfig */;
			buildSettings = {
				ASSETCATALOG_COMPILER_APPICON_NAME = AppIcon;
				ASSETCATALOG_COMPILER_GLOBAL_ACCENT_COLOR_NAME = AccentColor;
				CODE_SIGN_STYLE = Automatic;
				CURRENT_PROJECT_VERSION = 1;
				DEVELOPMENT_TEAM = 9PF2GLF6PD;
				GENERATE_INFOPLIST_FILE = YES;
				INFOPLIST_FILE = Dwitter/Info.plist;
				INFOPLIST_KEY_UIApplicationSupportsIndirectInputEvents = YES;
				INFOPLIST_KEY_UILaunchStoryboardName = LaunchScreen;
				INFOPLIST_KEY_UIMainStoryboardFile = Main;
				INFOPLIST_KEY_UISupportedInterfaceOrientations_iPad = "UIInterfaceOrientationPortrait UIInterfaceOrientationPortraitUpsideDown UIInterfaceOrientationLandscapeLeft UIInterfaceOrientationLandscapeRight";
				INFOPLIST_KEY_UISupportedInterfaceOrientations_iPhone = "UIInterfaceOrientationPortrait UIInterfaceOrientationLandscapeLeft UIInterfaceOrientationLandscapeRight";
				LD_RUNPATH_SEARCH_PATHS = (
					"$(inherited)",
					"@executable_path/Frameworks",
				);
				MARKETING_VERSION = 1.0;
				PRODUCT_BUNDLE_IDENTIFIER = com.Beavean.Anthony.Dwitter;
				PRODUCT_NAME = "$(TARGET_NAME)";
				SWIFT_EMIT_LOC_STRINGS = YES;
				SWIFT_VERSION = 5.0;
				TARGETED_DEVICE_FAMILY = "1,2";
			};
			name = Release;
		};
/* End XCBuildConfiguration section */

/* Begin XCConfigurationList section */
		08B70B8228C5EF7E00B01202 /* Build configuration list for PBXProject "Dwitter" */ = {
			isa = XCConfigurationList;
			buildConfigurations = (
				08B70B9928C5EF8000B01202 /* Debug */,
				08B70B9A28C5EF8000B01202 /* Release */,
			);
			defaultConfigurationIsVisible = 0;
			defaultConfigurationName = Release;
		};
		08B70B9B28C5EF8000B01202 /* Build configuration list for PBXNativeTarget "Dwitter" */ = {
			isa = XCConfigurationList;
			buildConfigurations = (
				08B70B9C28C5EF8000B01202 /* Debug */,
				08B70B9D28C5EF8000B01202 /* Release */,
			);
			defaultConfigurationIsVisible = 0;
			defaultConfigurationName = Release;
		};
/* End XCConfigurationList section */
	};
	rootObject = 08B70B7F28C5EF7E00B01202 /* Project object */;
}
